{
  "name": "mechan",
  "version": "1.0.0",
  "lockfileVersion": 1,
  "requires": true,
  "dependencies": {
    "@types/color-name": {
      "version": "1.1.1",
      "resolved": "http://npm.zhenguanyu.com/@types/color-name/download/@types/color-name-1.1.1.tgz",
      "integrity": "sha1-HBJhu+qhCoBVu8XYq4S3sq/IRqA="
    },
    "ansi-regex": {
      "version": "5.0.0",
      "resolved": "http://npm.zhenguanyu.com/ansi-regex/download/ansi-regex-5.0.0.tgz",
      "integrity": "sha1-OIU59VF5vzkznIGvMKZU1p+Hy3U="
    },
    "ansi-styles": {
      "version": "4.2.1",
      "resolved": "http://npm.zhenguanyu.com/ansi-styles/download/ansi-styles-4.2.1.tgz",
      "integrity": "sha1-kK51xCTQCNJiTFvynq0xd+v881k=",
      "requires": {
        "@types/color-name": "^1.1.1",
        "color-convert": "^2.0.1"
      }
    },
    "axios": {
      "version": "0.20.0",
      "resolved": "http://npm.zhenguanyu.com/axios/download/axios-0.20.0.tgz",
      "integrity": "sha1-BXujDwSIRpSZOozQf6OUz/EcUL0=",
      "requires": {
        "follow-redirects": "^1.10.0"
      }
    },
    "balanced-match": {
      "version": "1.0.0",
      "resolved": "http://npm.zhenguanyu.com/balanced-match/download/balanced-match-1.0.0.tgz",
      "integrity": "sha1-ibTRmasr7kneFk6gK4nORi1xt2c="
    },
    "brace-expansion": {
      "version": "1.1.11",
      "resolved": "http://npm.zhenguanyu.com/brace-expansion/download/brace-expansion-1.1.11.tgz",
      "integrity": "sha1-PH/L9SnYcibz0vUrlm/1Jx60Qd0=",
      "requires": {
        "balanced-match": "^1.0.0",
        "concat-map": "0.0.1"
      }
    },
    "chalk": {
      "version": "4.1.0",
      "resolved": "http://npm.zhenguanyu.com/chalk/download/chalk-4.1.0.tgz",
      "integrity": "sha1-ThSHCmGNni7dl92DRf2dncMVZGo=",
      "requires": {
        "ansi-styles": "^4.1.0",
        "supports-color": "^7.1.0"
      }
    },
    "cli-cursor": {
      "version": "3.1.0",
      "resolved": "http://npm.zhenguanyu.com/cli-cursor/download/cli-cursor-3.1.0.tgz",
      "integrity": "sha1-JkMFp65JDR0Dvwybp8kl0XU68wc=",
      "requires": {
        "restore-cursor": "^3.1.0"
      }
    },
    "cli-spinners": {
      "version": "2.4.0",
      "resolved": "http://npm.zhenguanyu.com/cli-spinners/download/cli-spinners-2.4.0.tgz",
      "integrity": "sha1-xiVtsha4eM+6RyDnGc7Hz3JoXX8="
    },
    "clone": {
      "version": "1.0.4",
      "resolved": "http://npm.zhenguanyu.com/clone/download/clone-1.0.4.tgz",
      "integrity": "sha1-2jCcwmPfFZlMaIypAheco8fNfH4="
    },
    "color-convert": {
      "version": "2.0.1",
      "resolved": "http://npm.zhenguanyu.com/color-convert/download/color-convert-2.0.1.tgz",
      "integrity": "sha1-ctOmjVmMm9s68q0ehPIdiWq9TeM=",
      "requires": {
        "color-name": "~1.1.4"
      }
    },
    "color-name": {
      "version": "1.1.4",
      "resolved": "http://npm.zhenguanyu.com/color-name/download/color-name-1.1.4.tgz",
      "integrity": "sha1-wqCah6y95pVD3m9j+jmVyCbFNqI="
    },
    "commander": {
      "version": "6.1.0",
      "resolved": "http://npm.zhenguanyu.com/commander/download/commander-6.1.0.tgz",
      "integrity": "sha1-+Ncit4EDFBAGtm9Me6HpcxW6dbw="
    },
    "concat-map": {
      "version": "0.0.1",
      "resolved": "http://npm.zhenguanyu.com/concat-map/download/concat-map-0.0.1.tgz",
      "integrity": "sha1-2Klr13/Wjfd5OnMDajug1UBdR3s="
    },
    "defaults": {
      "version": "1.0.3",
      "resolved": "http://npm.zhenguanyu.com/defaults/download/defaults-1.0.3.tgz",
      "integrity": "sha1-xlYFHpgX2f8I7YgUd/P+QBnz730=",
      "requires": {
        "clone": "^1.0.2"
      }
    },
    "follow-redirects": {
      "version": "1.13.0",
      "resolved": "http://npm.zhenguanyu.com/follow-redirects/download/follow-redirects-1.13.0.tgz",
      "integrity": "sha1-tC6Nk6Kn7qXtiGM2dtZZe8jjhNs="
    },
    "fs.realpath": {
      "version": "1.0.0",
      "resolved": "http://npm.zhenguanyu.com/fs.realpath/download/fs.realpath-1.0.0.tgz",
      "integrity": "sha1-FQStJSMVjKpA20onh8sBQRmU6k8="
    },
    "glob": {
      "version": "7.1.6",
      "resolved": "http://npm.zhenguanyu.com/glob/download/glob-7.1.6.tgz",
      "integrity": "sha1-FB8zuBp8JJLhJVlDB0gMRmeSeKY=",
      "requires": {
        "fs.realpath": "^1.0.0",
        "inflight": "^1.0.4",
        "inherits": "2",
        "minimatch": "^3.0.4",
        "once": "^1.3.0",
        "path-is-absolute": "^1.0.0"
      }
    },
    "has-flag": {
      "version": "4.0.0",
      "resolved": "http://npm.zhenguanyu.com/has-flag/download/has-flag-4.0.0.tgz",
      "integrity": "sha1-lEdx/ZyByBJlxNaUGGDaBrtZR5s="
    },
    "inflight": {
      "version": "1.0.6",
      "resolved": "http://npm.zhenguanyu.com/inflight/download/inflight-1.0.6.tgz",
      "integrity": "sha1-Sb1jMdfQLQwJvJEKEHW6gWW1bfk=",
      "requires": {
        "once": "^1.3.0",
        "wrappy": "1"
      }
    },
    "inherits": {
      "version": "2.0.4",
      "resolved": "http://npm.zhenguanyu.com/inherits/download/inherits-2.0.4.tgz",
      "integrity": "sha1-D6LGT5MpF8NDOg3tVTY6rjdBa3w="
    },
    "interpret": {
      "version": "1.4.0",
      "resolved": "http://npm.zhenguanyu.com/interpret/download/interpret-1.4.0.tgz",
      "integrity": "sha1-Zlq4vE2iendKQFhOgS4+D6RbGh4="
    },
    "is-interactive": {
      "version": "1.0.0",
      "resolved": "http://npm.zhenguanyu.com/is-interactive/download/is-interactive-1.0.0.tgz",
      "integrity": "sha1-zqbmrlyHCnsKAAQHC3tYfgJSkS4="
    },
    "log-symbols": {
      "version": "4.0.0",
      "resolved": "http://npm.zhenguanyu.com/log-symbols/download/log-symbols-4.0.0.tgz",
      "integrity": "sha1-abPMRtIPRI7M23XqH6cz2eghySA=",
      "requires": {
        "chalk": "^4.0.0"
      }
    },
    "mimic-fn": {
      "version": "2.1.0",
      "resolved": "http://npm.zhenguanyu.com/mimic-fn/download/mimic-fn-2.1.0.tgz",
      "integrity": "sha1-ftLCzMyvhNP/y3pptXcR/CCDQBs="
    },
    "minimatch": {
      "version": "3.0.4",
      "resolved": "http://npm.zhenguanyu.com/minimatch/download/minimatch-3.0.4.tgz",
      "integrity": "sha1-UWbihkV/AzBgZL5Ul+jbsMPTIIM=",
      "requires": {
        "brace-expansion": "^1.1.7"
      }
    },
    "mute-stream": {
      "version": "0.0.8",
      "resolved": "http://npm.zhenguanyu.com/mute-stream/download/mute-stream-0.0.8.tgz",
      "integrity": "sha1-FjDEKyJR/4HiooPelqVJfqkuXg0="
    },
    "once": {
      "version": "1.4.0",
      "resolved": "http://npm.zhenguanyu.com/once/download/once-1.4.0.tgz",
      "integrity": "sha1-WDsap3WWHUsROsF9nFC6753Xa9E=",
      "requires": {
        "wrappy": "1"
      }
    },
    "onetime": {
      "version": "5.1.2",
      "resolved": "http://npm.zhenguanyu.com/onetime/download/onetime-5.1.2.tgz",
      "integrity": "sha1-0Oluu1awdHbfHdnEgG5SN5hcpF4=",
      "requires": {
        "mimic-fn": "^2.1.0"
      }
    },
    "ora": {
      "version": "5.1.0",
      "resolved": "http://npm.zhenguanyu.com/ora/download/ora-5.1.0.tgz",
      "integrity": "sha1-sYjPjNLU2bE/0lODvD5cujUslPg=",
      "requires": {
        "chalk": "^4.1.0",
        "cli-cursor": "^3.1.0",
        "cli-spinners": "^2.4.0",
        "is-interactive": "^1.0.0",
        "log-symbols": "^4.0.0",
        "mute-stream": "0.0.8",
        "strip-ansi": "^6.0.0",
        "wcwidth": "^1.0.1"
      }
    },
    "path-is-absolute": {
      "version": "1.0.1",
      "resolved": "http://npm.zhenguanyu.com/path-is-absolute/download/path-is-absolute-1.0.1.tgz",
      "integrity": "sha1-F0uSaHNVNP+8es5r9TpanhtcX18="
    },
    "path-parse": {
      "version": "1.0.6",
      "resolved": "http://npm.zhenguanyu.com/path-parse/download/path-parse-1.0.6.tgz",
      "integrity": "sha1-1i27VnlAXXLEc37FhgDp3c8G0kw="
    },
    "rechoir": {
      "version": "0.6.2",
      "resolved": "http://npm.zhenguanyu.com/rechoir/download/rechoir-0.6.2.tgz",
      "integrity": "sha1-hSBLVNuoLVdC4oyWdW70OvUOM4Q=",
      "requires": {
        "resolve": "^1.1.6"
      }
    },
    "resolve": {
      "version": "1.17.0",
      "resolved": "http://npm.zhenguanyu.com/resolve/download/resolve-1.17.0.tgz",
      "integrity": "sha1-sllBtUloIxzC0bt2p5y38sC/hEQ=",
      "requires": {
        "path-parse": "^1.0.6"
      }
    },
    "restore-cursor": {
      "version": "3.1.0",
      "resolved": "http://npm.zhenguanyu.com/restore-cursor/download/restore-cursor-3.1.0.tgz",
      "integrity": "sha1-OfZ8VLOnpYzqUjbZXPADQjljH34=",
      "requires": {
        "onetime": "^5.1.0",
        "signal-exit": "^3.0.2"
      }
    },
    "shelljs": {
      "version": "0.8.4",
      "resolved": "http://npm.zhenguanyu.com/shelljs/download/shelljs-0.8.4.tgz",
      "integrity": "sha1-3naE/ut2f4cWsyYHiooAh1iQ48I=",
      "requires": {
        "glob": "^7.0.0",
        "interpret": "^1.0.0",
        "rechoir": "^0.6.2"
      }
    },
    "signal-exit": {
      "version": "3.0.3",
      "resolved": "http://npm.zhenguanyu.com/signal-exit/download/signal-exit-3.0.3.tgz",
      "integrity": "sha1-oUEMLt2PB3sItOJTyOrPyvBXRhw="
    },
    "strip-ansi": {
      "version": "6.0.0",
      "resolved": "http://npm.zhenguanyu.com/strip-ansi/download/strip-ansi-6.0.0.tgz",
      "integrity": "sha1-CxVx3XZpzNTz4G4U7x7tJiJa5TI=",
      "requires": {
        "ansi-regex": "^5.0.0"
      }
    },
    "supports-color": {
      "version": "7.2.0",
      "resolved": "http://npm.zhenguanyu.com/supports-color/download/supports-color-7.2.0.tgz",
      "integrity": "sha1-G33NyzK4E4gBs+R4umpRyqiWSNo=",
      "requires": {
        "has-flag": "^4.0.0"
      }
    },
    "wcwidth": {
      "version": "1.0.1",
      "resolved": "http://npm.zhenguanyu.com/wcwidth/download/wcwidth-1.0.1.tgz",
      "integrity": "sha1-8LDc+RW8X/FSivrbLA4XtTLaL+g=",
      "requires": {
        "defaults": "^1.0.3"
      }
    },
    "wrappy": {
      "version": "1.0.2",
      "resolved": "http://npm.zhenguanyu.com/wrappy/download/wrappy-1.0.2.tgz",
      "integrity": "sha1-tSQ9jz7BqjXxNkYFvA0QNuMKtp8="
    }
  }
}
